// !$*UTF8*$!
{
	archiveVersion = 1;
	classes = {
	};
	objectVersion = 60;
	objects = {

/* Begin PBXBuildFile section */
		B40984142EC57B640091CE87 /* AppearanceConfigurator.swift in Sources */ = {isa = PBXBuildFile; fileRef = B40984132EC57B640091CE87 /* AppearanceConfigurator.swift */; };
		B40A9F372DB1C99A000EFDFC /* Get_Comfortable_with_Winning.mp4 in Resources */ = {isa = PBXBuildFile; fileRef = B40A9F362DB1C99A000EFDFC /* Get_Comfortable_with_Winning.mp4 */; };
		B43D5DD12EB5B4A300E26701 /* ProgressHUD in Frameworks */ = {isa = PBXBuildFile; productRef = B43D5DD02EB5B4A300E26701 /* ProgressHUD */; };
		B43D5DD32EB5B7F800E26701 /* Detail in Frameworks */ = {isa = PBXBuildFile; productRef = B43D5DD22EB5B7F800E26701 /* Detail */; };
		B468D82B2EA0A6D80062559D /* FeatureAssembly in Frameworks */ = {isa = PBXBuildFile; productRef = B468D82A2EA0A6D80062559D /* FeatureAssembly */; };
		B468D82D2EA0A7CC0062559D /* FlowCoordinatorFactory.swift in Sources */ = {isa = PBXBuildFile; fileRef = B468D82C2EA0A7CC0062559D /* FlowCoordinatorFactory.swift */; };
		B468D8352EA0DAAE0062559D /* TabItem.swift in Sources */ = {isa = PBXBuildFile; fileRef = B468D8342EA0DAAE0062559D /* TabItem.swift */; };
		B468D8372EA0DAB60062559D /* TabBarRootFactory.swift in Sources */ = {isa = PBXBuildFile; fileRef = B468D8362EA0DAB50062559D /* TabBarRootFactory.swift */; };
		B468D8392EA0DAB90062559D /* MainTabBarController.swift in Sources */ = {isa = PBXBuildFile; fileRef = B468D8382EA0DAB90062559D /* MainTabBarController.swift */; };
		B46B82382D3F50C8005B89BF /* Shop.json in Resources */ = {isa = PBXBuildFile; fileRef = B46B82372D3F50C8005B89BF /* Shop.json */; };
		B46F611C2E9DD33D00C41762 /* AppDependenciesProtocol.swift in Sources */ = {isa = PBXBuildFile; fileRef = B46F611B2E9DD33D00C41762 /* AppDependenciesProtocol.swift */; };
		B46F611E2E9DD35B00C41762 /* AppDependencies.swift in Sources */ = {isa = PBXBuildFile; fileRef = B46F611D2E9DD35B00C41762 /* AppDependencies.swift */; };
		B46F61202E9DE92800C41762 /* AppComposition in Frameworks */ = {isa = PBXBuildFile; productRef = B46F611F2E9DE92800C41762 /* AppComposition */; };
		B46F61262E9DE98B00C41762 /* SharedUI in Frameworks */ = {isa = PBXBuildFile; productRef = B46F61252E9DE98B00C41762 /* SharedUI */; };
		B46F61282E9DE9A200C41762 /* AppInterface in Frameworks */ = {isa = PBXBuildFile; productRef = B46F61272E9DE9A200C41762 /* AppInterface */; };
		B46F612A2E9DE9C700C41762 /* AppDomain in Frameworks */ = {isa = PBXBuildFile; productRef = B46F61292E9DE9C700C41762 /* AppDomain */; };
		B46F612C2E9DEA2600C41762 /* Bag in Frameworks */ = {isa = PBXBuildFile; productRef = B46F612B2E9DEA2600C41762 /* Bag */; };
		B46F61322E9DFB8400C41762 /* AppModuleFactory.swift in Sources */ = {isa = PBXBuildFile; fileRef = B46F612F2E9DFB8300C41762 /* AppModuleFactory.swift */; };
		B46F61342E9DFB8400C41762 /* AppLauncher.swift in Sources */ = {isa = PBXBuildFile; fileRef = B46F61302E9DFB8300C41762 /* AppLauncher.swift */; };
		B46F61352E9DFB8400C41762 /* AppConfigurationFactory.swift in Sources */ = {isa = PBXBuildFile; fileRef = B46F61312E9DFB8300C41762 /* AppConfigurationFactory.swift */; };
		B46F61362E9DFB8400C41762 /* AppCoordinator.swift in Sources */ = {isa = PBXBuildFile; fileRef = B46F612E2E9DFB8300C41762 /* AppCoordinator.swift */; };
		B472005F2E9F3B3C00620A78 /* Home in Frameworks */ = {isa = PBXBuildFile; productRef = B472005E2E9F3B3C00620A78 /* Home */; };
		B4A9E9AF2CA7331D00BE7966 /* AppDelegate.swift in Sources */ = {isa = PBXBuildFile; fileRef = B4A9E9AE2CA7331D00BE7966 /* AppDelegate.swift */; };
		B4A9E9B12CA7331D00BE7966 /* SceneDelegate.swift in Sources */ = {isa = PBXBuildFile; fileRef = B4A9E9B02CA7331D00BE7966 /* SceneDelegate.swift */; };
		B4A9E9B62CA7331D00BE7966 /* Base in Resources */ = {isa = PBXBuildFile; fileRef = B4A9E9B52CA7331D00BE7966 /* Base */; };
		B4A9E9B82CA7332000BE7966 /* Assets.xcassets in Resources */ = {isa = PBXBuildFile; fileRef = B4A9E9B72CA7332000BE7966 /* Assets.xcassets */; };
		B4A9E9BB2CA7332000BE7966 /* Base in Resources */ = {isa = PBXBuildFile; fileRef = B4A9E9BA2CA7332000BE7966 /* Base */; };
		B4DB14772CE9910E0001E6FD /* Home.json in Resources */ = {isa = PBXBuildFile; fileRef = B4DB14762CE9910E0001E6FD /* Home.json */; };
		B4E09D2F2E9F40FF00A195F2 /* DesignSystem in Frameworks */ = {isa = PBXBuildFile; productRef = B4E09D2E2E9F40FF00A195F2 /* DesignSystem */; };
/* End PBXBuildFile section */

/* Begin PBXContainerItemProxy section */
		B4EA3F762DAF64C400EBFFCF /* PBXContainerItemProxy */ = {
			isa = PBXContainerItemProxy;
			containerPortal = B4A9E9A32CA7331D00BE7966 /* Project object */;
			proxyType = 1;
			remoteGlobalIDString = B4A9E9AA2CA7331D00BE7966;
			remoteInfo = Nike;
		};
/* End PBXContainerItemProxy section */

/* Begin PBXFileReference section */
		B40984132EC57B640091CE87 /* AppearanceConfigurator.swift */ = {isa = PBXFileReference; lastKnownFileType = sourcecode.swift; path = AppearanceConfigurator.swift; sourceTree = "<group>"; };
		B40A9F362DB1C99A000EFDFC /* Get_Comfortable_with_Winning.mp4 */ = {isa = PBXFileReference; lastKnownFileType = file; name = Get_Comfortable_with_Winning.mp4; path = NikePictures/Video/Get_Comfortable_with_Winning.mp4; sourceTree = SOURCE_ROOT; };
		B468D82C2EA0A7CC0062559D /* FlowCoordinatorFactory.swift */ = {isa = PBXFileReference; lastKnownFileType = sourcecode.swift; path = FlowCoordinatorFactory.swift; sourceTree = "<group>"; };
		B468D8342EA0DAAE0062559D /* TabItem.swift */ = {isa = PBXFileReference; lastKnownFileType = sourcecode.swift; path = TabItem.swift; sourceTree = "<group>"; };
		B468D8362EA0DAB50062559D /* TabBarRootFactory.swift */ = {isa = PBXFileReference; lastKnownFileType = sourcecode.swift; path = TabBarRootFactory.swift; sourceTree = "<group>"; };
		B468D8382EA0DAB90062559D /* MainTabBarController.swift */ = {isa = PBXFileReference; lastKnownFileType = sourcecode.swift; path = MainTabBarController.swift; sourceTree = "<group>"; };
		B46B82372D3F50C8005B89BF /* Shop.json */ = {isa = PBXFileReference; lastKnownFileType = text.json; path = Shop.json; sourceTree = "<group>"; };
		B46F611B2E9DD33D00C41762 /* AppDependenciesProtocol.swift */ = {isa = PBXFileReference; lastKnownFileType = sourcecode.swift; path = AppDependenciesProtocol.swift; sourceTree = "<group>"; };
		B46F611D2E9DD35B00C41762 /* AppDependencies.swift */ = {isa = PBXFileReference; lastKnownFileType = sourcecode.swift; path = AppDependencies.swift; sourceTree = "<group>"; };
		B46F612E2E9DFB8300C41762 /* AppCoordinator.swift */ = {isa = PBXFileReference; lastKnownFileType = sourcecode.swift; path = AppCoordinator.swift; sourceTree = "<group>"; };
		B46F612F2E9DFB8300C41762 /* AppModuleFactory.swift */ = {isa = PBXFileReference; lastKnownFileType = sourcecode.swift; path = AppModuleFactory.swift; sourceTree = "<group>"; };
		B46F61302E9DFB8300C41762 /* AppLauncher.swift */ = {isa = PBXFileReference; lastKnownFileType = sourcecode.swift; path = AppLauncher.swift; sourceTree = "<group>"; };
		B46F61312E9DFB8300C41762 /* AppConfigurationFactory.swift */ = {isa = PBXFileReference; lastKnownFileType = sourcecode.swift; path = AppConfigurationFactory.swift; sourceTree = "<group>"; };
		B4A9E9AB2CA7331D00BE7966 /* Nike.app */ = {isa = PBXFileReference; explicitFileType = wrapper.application; includeInIndex = 0; path = Nike.app; sourceTree = BUILT_PRODUCTS_DIR; };
		B4A9E9AE2CA7331D00BE7966 /* AppDelegate.swift */ = {isa = PBXFileReference; lastKnownFileType = sourcecode.swift; path = AppDelegate.swift; sourceTree = "<group>"; };
		B4A9E9B02CA7331D00BE7966 /* SceneDelegate.swift */ = {isa = PBXFileReference; lastKnownFileType = sourcecode.swift; path = SceneDelegate.swift; sourceTree = "<group>"; };
		B4A9E9B52CA7331D00BE7966 /* Base */ = {isa = PBXFileReference; lastKnownFileType = file.storyboard; name = Base; path = Base.lproj/Main.storyboard; sourceTree = "<group>"; };
		B4A9E9B72CA7332000BE7966 /* Assets.xcassets */ = {isa = PBXFileReference; lastKnownFileType = folder.assetcatalog; path = Assets.xcassets; sourceTree = "<group>"; };
		B4A9E9BA2CA7332000BE7966 /* Base */ = {isa = PBXFileReference; lastKnownFileType = file.storyboard; name = Base; path = Base.lproj/LaunchScreen.storyboard; sourceTree = "<group>"; };
		B4A9E9BC2CA7332000BE7966 /* Info.plist */ = {isa = PBXFileReference; lastKnownFileType = text.plist.xml; path = Info.plist; sourceTree = "<group>"; };
		B4DB14762CE9910E0001E6FD /* Home.json */ = {isa = PBXFileReference; lastKnownFileType = text.json; path = Home.json; sourceTree = "<group>"; };
		B4EA3F722DAF64C400EBFFCF /* NikeTests.xctest */ = {isa = PBXFileReference; explicitFileType = wrapper.cfbundle; includeInIndex = 0; path = NikeTests.xctest; sourceTree = BUILT_PRODUCTS_DIR; };
/* End PBXFileReference section */

/* Begin PBXFrameworksBuildPhase section */
		B4A9E9A82CA7331D00BE7966 /* Frameworks */ = {
			isa = PBXFrameworksBuildPhase;
			buildActionMask = 2147483647;
			files = (
				B46F612A2E9DE9C700C41762 /* AppDomain in Frameworks */,
				B43D5DD32EB5B7F800E26701 /* Detail in Frameworks */,
				B43D5DD12EB5B4A300E26701 /* ProgressHUD in Frameworks */,
				B46F61282E9DE9A200C41762 /* AppInterface in Frameworks */,
				B4E09D2F2E9F40FF00A195F2 /* DesignSystem in Frameworks */,
				B46F61262E9DE98B00C41762 /* SharedUI in Frameworks */,
				B46F612C2E9DEA2600C41762 /* Bag in Frameworks */,
				B472005F2E9F3B3C00620A78 /* Home in Frameworks */,
				B468D82B2EA0A6D80062559D /* FeatureAssembly in Frameworks */,
				B46F61202E9DE92800C41762 /* AppComposition in Frameworks */,
			);
			runOnlyForDeploymentPostprocessing = 0;
		};
		B4EA3F6F2DAF64C400EBFFCF /* Frameworks */ = {
			isa = PBXFrameworksBuildPhase;
			buildActionMask = 2147483647;
			files = (
			);
			runOnlyForDeploymentPostprocessing = 0;
		};
/* End PBXFrameworksBuildPhase section */

/* Begin PBXGroup section */
		B40984122EC57B0A0091CE87 /* Application */ = {
			isa = PBXGroup;
			children = (
				B4A9E9AE2CA7331D00BE7966 /* AppDelegate.swift */,
				B40984132EC57B640091CE87 /* AppearanceConfigurator.swift */,
				B46F61302E9DFB8300C41762 /* AppLauncher.swift */,
				B4A9E9B02CA7331D00BE7966 /* SceneDelegate.swift */,
			);
			path = Application;
			sourceTree = "<group>";
		};
		B40984152EC57B7A0091CE87 /* CompositionRoot */ = {
			isa = PBXGroup;
			children = (
				B46F611D2E9DD35B00C41762 /* AppDependencies.swift */,
				B46F61312E9DFB8300C41762 /* AppConfigurationFactory.swift */,
				B46F611B2E9DD33D00C41762 /* AppDependenciesProtocol.swift */,
				B468D82C2EA0A7CC0062559D /* FlowCoordinatorFactory.swift */,
			);
			path = CompositionRoot;
			sourceTree = "<group>";
		};
		B40984162EC57B960091CE87 /* Flow */ = {
			isa = PBXGroup;
			children = (
				B46F612E2E9DFB8300C41762 /* AppCoordinator.swift */,
				B46F612F2E9DFB8300C41762 /* AppModuleFactory.swift */,
				B468D8362EA0DAB50062559D /* TabBarRootFactory.swift */,
				B468D8382EA0DAB90062559D /* MainTabBarController.swift */,
				B468D8342EA0DAAE0062559D /* TabItem.swift */,
			);
			path = Flow;
			sourceTree = "<group>";
		};
		B4A9E9A22CA7331D00BE7966 = {
			isa = PBXGroup;
			children = (
				B4A9E9AD2CA7331D00BE7966 /* Nike */,
				B4A9E9AC2CA7331D00BE7966 /* Products */,
			);
			sourceTree = "<group>";
		};
		B4A9E9AC2CA7331D00BE7966 /* Products */ = {
			isa = PBXGroup;
			children = (
				B4A9E9AB2CA7331D00BE7966 /* Nike.app */,
				B4EA3F722DAF64C400EBFFCF /* NikeTests.xctest */,
			);
			name = Products;
			sourceTree = "<group>";
		};
		B4A9E9AD2CA7331D00BE7966 /* Nike */ = {
			isa = PBXGroup;
			children = (
				B4A9E9C22CA7334100BE7966 /* App */,
			);
			path = Nike;
			sourceTree = "<group>";
		};
		B4A9E9C22CA7334100BE7966 /* App */ = {
			isa = PBXGroup;
			children = (
				B40984122EC57B0A0091CE87 /* Application */,
				B40984152EC57B7A0091CE87 /* CompositionRoot */,
				B40984162EC57B960091CE87 /* Flow */,
				B4A9E9C42CA733B500BE7966 /* Resources */,
			);
			path = App;
			sourceTree = "<group>";
		};
		B4A9E9C42CA733B500BE7966 /* Resources */ = {
			isa = PBXGroup;
			children = (
				B4A9E9B72CA7332000BE7966 /* Assets.xcassets */,
				B4A9E9B92CA7332000BE7966 /* LaunchScreen.storyboard */,
				B4A9E9B42CA7331D00BE7966 /* Main.storyboard */,
				B4A9E9BC2CA7332000BE7966 /* Info.plist */,
				B4DB14762CE9910E0001E6FD /* Home.json */,
				B46B82372D3F50C8005B89BF /* Shop.json */,
				B40A9F362DB1C99A000EFDFC /* Get_Comfortable_with_Winning.mp4 */,
			);
			path = Resources;
			sourceTree = "<group>";
		};
/* End PBXGroup section */

/* Begin PBXNativeTarget section */
		B4A9E9AA2CA7331D00BE7966 /* Nike */ = {
			isa = PBXNativeTarget;
			buildConfigurationList = B4A9E9BF2CA7332000BE7966 /* Build configuration list for PBXNativeTarget "Nike" */;
			buildPhases = (
				B4A9E9A72CA7331D00BE7966 /* Sources */,
				B4A9E9A82CA7331D00BE7966 /* Frameworks */,
				B4A9E9A92CA7331D00BE7966 /* Resources */,
			);
			buildRules = (
			);
			dependencies = (
			);
			name = Nike;
			packageProductDependencies = (
				B46F611F2E9DE92800C41762 /* AppComposition */,
				B46F61252E9DE98B00C41762 /* SharedUI */,
				B46F61272E9DE9A200C41762 /* AppInterface */,
				B46F61292E9DE9C700C41762 /* AppDomain */,
				B46F612B2E9DEA2600C41762 /* Bag */,
				B472005E2E9F3B3C00620A78 /* Home */,
				B4E09D2E2E9F40FF00A195F2 /* DesignSystem */,
				B468D82A2EA0A6D80062559D /* FeatureAssembly */,
				B43D5DD02EB5B4A300E26701 /* ProgressHUD */,
				B43D5DD22EB5B7F800E26701 /* Detail */,
			);
			productName = LagomStore;
			productReference = B4A9E9AB2CA7331D00BE7966 /* Nike.app */;
			productType = "com.apple.product-type.application";
		};
		B4EA3F712DAF64C400EBFFCF /* NikeTests */ = {
			isa = PBXNativeTarget;
			buildConfigurationList = B4EA3F782DAF64C400EBFFCF /* Build configuration list for PBXNativeTarget "NikeTests" */;
			buildPhases = (
				B4EA3F6E2DAF64C400EBFFCF /* Sources */,
				B4EA3F6F2DAF64C400EBFFCF /* Frameworks */,
				B4EA3F702DAF64C400EBFFCF /* Resources */,
			);
			buildRules = (
			);
			dependencies = (
				B4EA3F772DAF64C400EBFFCF /* PBXTargetDependency */,
			);
			name = NikeTests;
			productName = NikeTests;
			productReference = B4EA3F722DAF64C400EBFFCF /* NikeTests.xctest */;
			productType = "com.apple.product-type.bundle.unit-test";
		};
/* End PBXNativeTarget section */

/* Begin PBXProject section */
		B4A9E9A32CA7331D00BE7966 /* Project object */ = {
			isa = PBXProject;
			attributes = {
				BuildIndependentTargetsInParallel = 1;
				LastSwiftUpdateCheck = 1540;
				LastUpgradeCheck = 1540;
				TargetAttributes = {
					B4A9E9AA2CA7331D00BE7966 = {
						CreatedOnToolsVersion = 15.4;
					};
					B4EA3F712DAF64C400EBFFCF = {
						CreatedOnToolsVersion = 15.4;
						TestTargetID = B4A9E9AA2CA7331D00BE7966;
					};
				};
			};
			buildConfigurationList = B4A9E9A62CA7331D00BE7966 /* Build configuration list for PBXProject "Nike" */;
			compatibilityVersion = "Xcode 14.0";
			developmentRegion = en;
			hasScannedForEncodings = 0;
			knownRegions = (
				en,
				Base,
			);
			mainGroup = B4A9E9A22CA7331D00BE7966;
			packageReferences = (
				B40A9F302DB17D14000EFDFC /* XCRemoteSwiftPackageReference "SnapKit" */,
				B40A9F332DB1BA21000EFDFC /* XCRemoteSwiftPackageReference "ProgressHUD" */,
				B496C23F2E08F9A300655BEF /* XCLocalSwiftPackageReference "Modules/AppCore" */,
				B496C2402E08F9C200655BEF /* XCLocalSwiftPackageReference "Modules/Bag" */,
				B496C2412E08FA0300655BEF /* XCLocalSwiftPackageReference "Modules/DesignSystem" */,
				B414E0CB2E0A04D900B290D7 /* XCLocalSwiftPackageReference "Modules/Services" */,
				B414E0D02E12395900B290D7 /* XCLocalSwiftPackageReference "Modules/AppDomain" */,
				B414E0D22E13936900B290D7 /* XCLocalSwiftPackageReference "Modules/AppInterface" */,
				B414E0D32E139BFB00B290D7 /* XCLocalSwiftPackageReference "Modules/AppComposition" */,
				B4F6DEB22E1666760052E016 /* XCLocalSwiftPackageReference "Modules/SharedUI" */,
				B47200462E9F32B300620A78 /* XCLocalSwiftPackageReference "Modules/Home" */,
				B468D8292EA0A4D60062559D /* XCLocalSwiftPackageReference "Modules/FeatureAssembly" */,
				B468D8602EB5B14E0062559D /* XCLocalSwiftPackageReference "Modules/Detail" */,
			);
			productRefGroup = B4A9E9AC2CA7331D00BE7966 /* Products */;
			projectDirPath = "";
			projectRoot = "";
			targets = (
				B4A9E9AA2CA7331D00BE7966 /* Nike */,
				B4EA3F712DAF64C400EBFFCF /* NikeTests */,
			);
		};
/* End PBXProject section */

/* Begin PBXResourcesBuildPhase section */
		B4A9E9A92CA7331D00BE7966 /* Resources */ = {
			isa = PBXResourcesBuildPhase;
			buildActionMask = 2147483647;
			files = (
				B4A9E9B82CA7332000BE7966 /* Assets.xcassets in Resources */,
				B4A9E9BB2CA7332000BE7966 /* Base in Resources */,
				B40A9F372DB1C99A000EFDFC /* Get_Comfortable_with_Winning.mp4 in Resources */,
				B4DB14772CE9910E0001E6FD /* Home.json in Resources */,
				B4A9E9B62CA7331D00BE7966 /* Base in Resources */,
				B46B82382D3F50C8005B89BF /* Shop.json in Resources */,
			);
			runOnlyForDeploymentPostprocessing = 0;
		};
		B4EA3F702DAF64C400EBFFCF /* Resources */ = {
			isa = PBXResourcesBuildPhase;
			buildActionMask = 2147483647;
			files = (
			);
			runOnlyForDeploymentPostprocessing = 0;
		};
/* End PBXResourcesBuildPhase section */

/* Begin PBXSourcesBuildPhase section */
		B4A9E9A72CA7331D00BE7966 /* Sources */ = {
			isa = PBXSourcesBuildPhase;
			buildActionMask = 2147483647;
			files = (
				B46F611C2E9DD33D00C41762 /* AppDependenciesProtocol.swift in Sources */,
				B468D8392EA0DAB90062559D /* MainTabBarController.swift in Sources */,
				B46F611E2E9DD35B00C41762 /* AppDependencies.swift in Sources */,
				B468D8352EA0DAAE0062559D /* TabItem.swift in Sources */,
				B46F61352E9DFB8400C41762 /* AppConfigurationFactory.swift in Sources */,
				B46F61342E9DFB8400C41762 /* AppLauncher.swift in Sources */,
				B4A9E9AF2CA7331D00BE7966 /* AppDelegate.swift in Sources */,
				B4A9E9B12CA7331D00BE7966 /* SceneDelegate.swift in Sources */,
				B46F61322E9DFB8400C41762 /* AppModuleFactory.swift in Sources */,
				B468D82D2EA0A7CC0062559D /* FlowCoordinatorFactory.swift in Sources */,
				B40984142EC57B640091CE87 /* AppearanceConfigurator.swift in Sources */,
				B46F61362E9DFB8400C41762 /* AppCoordinator.swift in Sources */,
				B468D8372EA0DAB60062559D /* TabBarRootFactory.swift in Sources */,
			);
			runOnlyForDeploymentPostprocessing = 0;
		};
		B4EA3F6E2DAF64C400EBFFCF /* Sources */ = {
			isa = PBXSourcesBuildPhase;
			buildActionMask = 2147483647;
			files = (
			);
			runOnlyForDeploymentPostprocessing = 0;
		};
/* End PBXSourcesBuildPhase section */

/* Begin PBXTargetDependency section */
		B4EA3F772DAF64C400EBFFCF /* PBXTargetDependency */ = {
			isa = PBXTargetDependency;
			target = B4A9E9AA2CA7331D00BE7966 /* Nike */;
			targetProxy = B4EA3F762DAF64C400EBFFCF /* PBXContainerItemProxy */;
		};
/* End PBXTargetDependency section */

/* Begin PBXVariantGroup section */
		B4A9E9B42CA7331D00BE7966 /* Main.storyboard */ = {
			isa = PBXVariantGroup;
			children = (
				B4A9E9B52CA7331D00BE7966 /* Base */,
			);
			name = Main.storyboard;
			sourceTree = "<group>";
		};
		B4A9E9B92CA7332000BE7966 /* LaunchScreen.storyboard */ = {
			isa = PBXVariantGroup;
			children = (
				B4A9E9BA2CA7332000BE7966 /* Base */,
			);
			name = LaunchScreen.storyboard;
			sourceTree = "<group>";
		};
/* End PBXVariantGroup section */

/* Begin XCBuildConfiguration section */
		B4A9E9BD2CA7332000BE7966 /* Debug */ = {
			isa = XCBuildConfiguration;
			buildSettings = {
				ALWAYS_SEARCH_USER_PATHS = NO;
				ASSETCATALOG_COMPILER_GENERATE_SWIFT_ASSET_SYMBOL_EXTENSIONS = YES;
				CLANG_ANALYZER_NONNULL = YES;
				CLANG_ANALYZER_NUMBER_OBJECT_CONVERSION = YES_AGGRESSIVE;
				CLANG_CXX_LANGUAGE_STANDARD = "gnu++20";
				CLANG_ENABLE_MODULES = YES;
				CLANG_ENABLE_OBJC_ARC = YES;
				CLANG_ENABLE_OBJC_WEAK = YES;
				CLANG_WARN_BLOCK_CAPTURE_AUTORELEASING = YES;
				CLANG_WARN_BOOL_CONVERSION = YES;
				CLANG_WARN_COMMA = YES;
				CLANG_WARN_CONSTANT_CONVERSION = YES;
				CLANG_WARN_DEPRECATED_OBJC_IMPLEMENTATIONS = YES;
				CLANG_WARN_DIRECT_OBJC_ISA_USAGE = YES_ERROR;
				CLANG_WARN_DOCUMENTATION_COMMENTS = YES;
				CLANG_WARN_EMPTY_BODY = YES;
				CLANG_WARN_ENUM_CONVERSION = YES;
				CLANG_WARN_INFINITE_RECURSION = YES;
				CLANG_WARN_INT_CONVERSION = YES;
				CLANG_WARN_NON_LITERAL_NULL_CONVERSION = YES;
				CLANG_WARN_OBJC_IMPLICIT_RETAIN_SELF = YES;
				CLANG_WARN_OBJC_LITERAL_CONVERSION = YES;
				CLANG_WARN_OBJC_ROOT_CLASS = YES_ERROR;
				CLANG_WARN_QUOTED_INCLUDE_IN_FRAMEWORK_HEADER = YES;
				CLANG_WARN_RANGE_LOOP_ANALYSIS = YES;
				CLANG_WARN_STRICT_PROTOTYPES = YES;
				CLANG_WARN_SUSPICIOUS_MOVE = YES;
				CLANG_WARN_UNGUARDED_AVAILABILITY = YES_AGGRESSIVE;
				CLANG_WARN_UNREACHABLE_CODE = YES;
				CLANG_WARN__DUPLICATE_METHOD_MATCH = YES;
				COPY_PHASE_STRIP = NO;
				DEBUG_INFORMATION_FORMAT = dwarf;
				ENABLE_STRICT_OBJC_MSGSEND = YES;
				ENABLE_TESTABILITY = YES;
				ENABLE_USER_SCRIPT_SANDBOXING = YES;
				GCC_C_LANGUAGE_STANDARD = gnu17;
				GCC_DYNAMIC_NO_PIC = NO;
				GCC_NO_COMMON_BLOCKS = YES;
				GCC_OPTIMIZATION_LEVEL = 0;
				GCC_PREPROCESSOR_DEFINITIONS = (
					"DEBUG=1",
					"$(inherited)",
				);
				GCC_WARN_64_TO_32_BIT_CONVERSION = YES;
				GCC_WARN_ABOUT_RETURN_TYPE = YES_ERROR;
				GCC_WARN_UNDECLARED_SELECTOR = YES;
				GCC_WARN_UNINITIALIZED_AUTOS = YES_AGGRESSIVE;
				GCC_WARN_UNUSED_FUNCTION = YES;
				GCC_WARN_UNUSED_VARIABLE = YES;
				IPHONEOS_DEPLOYMENT_TARGET = 17.5;
				LOCALIZATION_PREFERS_STRING_CATALOGS = YES;
				MTL_ENABLE_DEBUG_INFO = INCLUDE_SOURCE;
				MTL_FAST_MATH = YES;
				ONLY_ACTIVE_ARCH = YES;
				SDKROOT = iphoneos;
				SWIFT_ACTIVE_COMPILATION_CONDITIONS = "DEBUG $(inherited)";
				SWIFT_OPTIMIZATION_LEVEL = "-Onone";
			};
			name = Debug;
		};
		B4A9E9BE2CA7332000BE7966 /* Release */ = {
			isa = XCBuildConfiguration;
			buildSettings = {
				ALWAYS_SEARCH_USER_PATHS = NO;
				ASSETCATALOG_COMPILER_GENERATE_SWIFT_ASSET_SYMBOL_EXTENSIONS = YES;
				CLANG_ANALYZER_NONNULL = YES;
				CLANG_ANALYZER_NUMBER_OBJECT_CONVERSION = YES_AGGRESSIVE;
				CLANG_CXX_LANGUAGE_STANDARD = "gnu++20";
				CLANG_ENABLE_MODULES = YES;
				CLANG_ENABLE_OBJC_ARC = YES;
				CLANG_ENABLE_OBJC_WEAK = YES;
				CLANG_WARN_BLOCK_CAPTURE_AUTORELEASING = YES;
				CLANG_WARN_BOOL_CONVERSION = YES;
				CLANG_WARN_COMMA = YES;
				CLANG_WARN_CONSTANT_CONVERSION = YES;
				CLANG_WARN_DEPRECATED_OBJC_IMPLEMENTATIONS = YES;
				CLANG_WARN_DIRECT_OBJC_ISA_USAGE = YES_ERROR;
				CLANG_WARN_DOCUMENTATION_COMMENTS = YES;
				CLANG_WARN_EMPTY_BODY = YES;
				CLANG_WARN_ENUM_CONVERSION = YES;
				CLANG_WARN_INFINITE_RECURSION = YES;
				CLANG_WARN_INT_CONVERSION = YES;
				CLANG_WARN_NON_LITERAL_NULL_CONVERSION = YES;
				CLANG_WARN_OBJC_IMPLICIT_RETAIN_SELF = YES;
				CLANG_WARN_OBJC_LITERAL_CONVERSION = YES;
				CLANG_WARN_OBJC_ROOT_CLASS = YES_ERROR;
				CLANG_WARN_QUOTED_INCLUDE_IN_FRAMEWORK_HEADER = YES;
				CLANG_WARN_RANGE_LOOP_ANALYSIS = YES;
				CLANG_WARN_STRICT_PROTOTYPES = YES;
				CLANG_WARN_SUSPICIOUS_MOVE = YES;
				CLANG_WARN_UNGUARDED_AVAILABILITY = YES_AGGRESSIVE;
				CLANG_WARN_UNREACHABLE_CODE = YES;
				CLANG_WARN__DUPLICATE_METHOD_MATCH = YES;
				COPY_PHASE_STRIP = NO;
				DEBUG_INFORMATION_FORMAT = "dwarf-with-dsym";
				ENABLE_NS_ASSERTIONS = NO;
				ENABLE_STRICT_OBJC_MSGSEND = YES;
				ENABLE_USER_SCRIPT_SANDBOXING = YES;
				GCC_C_LANGUAGE_STANDARD = gnu17;
				GCC_NO_COMMON_BLOCKS = YES;
				GCC_WARN_64_TO_32_BIT_CONVERSION = YES;
				GCC_WARN_ABOUT_RETURN_TYPE = YES_ERROR;
				GCC_WARN_UNDECLARED_SELECTOR = YES;
				GCC_WARN_UNINITIALIZED_AUTOS = YES_AGGRESSIVE;
				GCC_WARN_UNUSED_FUNCTION = YES;
				GCC_WARN_UNUSED_VARIABLE = YES;
				IPHONEOS_DEPLOYMENT_TARGET = 17.5;
				LOCALIZATION_PREFERS_STRING_CATALOGS = YES;
				MTL_ENABLE_DEBUG_INFO = NO;
				MTL_FAST_MATH = YES;
				SDKROOT = iphoneos;
				SWIFT_COMPILATION_MODE = wholemodule;
				VALIDATE_PRODUCT = YES;
			};
			name = Release;
		};
		B4A9E9C02CA7332000BE7966 /* Debug */ = {
			isa = XCBuildConfiguration;
			buildSettings = {
				ASSETCATALOG_COMPILER_APPICON_NAME = AppIcon;
				ASSETCATALOG_COMPILER_GLOBAL_ACCENT_COLOR_NAME = AccentColor;
				CODE_SIGN_STYLE = Automatic;
				CURRENT_PROJECT_VERSION = 1;
				DEVELOPMENT_TEAM = 6TU6V7A2YD;
				GENERATE_INFOPLIST_FILE = YES;
				INFOPLIST_FILE = Nike/App/Resources/Info.plist;
				INFOPLIST_KEY_NSCameraUsageDescription = "We use camera to add profile photo";
				INFOPLIST_KEY_NSPhotoLibraryAddUsageDescription = "We use gallery to save photo";
				INFOPLIST_KEY_NSPhotoLibraryUsageDescription = "We use gallery to choose profile photo";
				INFOPLIST_KEY_UIApplicationSupportsIndirectInputEvents = YES;
				INFOPLIST_KEY_UILaunchStoryboardName = LaunchScreen;
				INFOPLIST_KEY_UIMainStoryboardFile = Main;
				INFOPLIST_KEY_UISupportedInterfaceOrientations_iPad = "UIInterfaceOrientationPortrait UIInterfaceOrientationPortraitUpsideDown UIInterfaceOrientationLandscapeLeft UIInterfaceOrientationLandscapeRight";
				INFOPLIST_KEY_UISupportedInterfaceOrientations_iPhone = "UIInterfaceOrientationPortrait UIInterfaceOrientationLandscapeLeft UIInterfaceOrientationLandscapeRight";
				LD_RUNPATH_SEARCH_PATHS = (
					"$(inherited)",
					"@executable_path/Frameworks",
				);
				MARKETING_VERSION = 1.0;
				PRODUCT_BUNDLE_IDENTIFIER = AlexanderMileychik.LagomStore;
				PRODUCT_NAME = "$(TARGET_NAME)";
				SWIFT_EMIT_LOC_STRINGS = YES;
				SWIFT_VERSION = 5.0;
				TARGETED_DEVICE_FAMILY = "1,2";
			};
			name = Debug;
		};
		B4A9E9C12CA7332000BE7966 /* Release */ = {
			isa = XCBuildConfiguration;
			buildSettings = {
				ASSETCATALOG_COMPILER_APPICON_NAME = AppIcon;
				ASSETCATALOG_COMPILER_GLOBAL_ACCENT_COLOR_NAME = AccentColor;
				CODE_SIGN_STYLE = Automatic;
				CURRENT_PROJECT_VERSION = 1;
				DEVELOPMENT_TEAM = 6TU6V7A2YD;
				GENERATE_INFOPLIST_FILE = YES;
				INFOPLIST_FILE = Nike/App/Resources/Info.plist;
				INFOPLIST_KEY_NSCameraUsageDescription = "We use camera to add profile photo";
				INFOPLIST_KEY_NSPhotoLibraryAddUsageDescription = "We use gallery to save photo";
				INFOPLIST_KEY_NSPhotoLibraryUsageDescription = "We use gallery to choose profile photo";
				INFOPLIST_KEY_UIApplicationSupportsIndirectInputEvents = YES;
				INFOPLIST_KEY_UILaunchStoryboardName = LaunchScreen;
				INFOPLIST_KEY_UIMainStoryboardFile = Main;
				INFOPLIST_KEY_UISupportedInterfaceOrientations_iPad = "UIInterfaceOrientationPortrait UIInterfaceOrientationPortraitUpsideDown UIInterfaceOrientationLandscapeLeft UIInterfaceOrientationLandscapeRight";
				INFOPLIST_KEY_UISupportedInterfaceOrientations_iPhone = "UIInterfaceOrientationPortrait UIInterfaceOrientationLandscapeLeft UIInterfaceOrientationLandscapeRight";
				LD_RUNPATH_SEARCH_PATHS = (
					"$(inherited)",
					"@executable_path/Frameworks",
				);
				MARKETING_VERSION = 1.0;
				PRODUCT_BUNDLE_IDENTIFIER = AlexanderMileychik.LagomStore;
				PRODUCT_NAME = "$(TARGET_NAME)";
				SWIFT_EMIT_LOC_STRINGS = YES;
				SWIFT_VERSION = 5.0;
				TARGETED_DEVICE_FAMILY = "1,2";
			};
			name = Release;
		};
		B4EA3F792DAF64C400EBFFCF /* Debug */ = {
			isa = XCBuildConfiguration;
			buildSettings = {
				BUNDLE_LOADER = "$(TEST_HOST)";
				CODE_SIGN_STYLE = Automatic;
				CURRENT_PROJECT_VERSION = 1;
				DEVELOPMENT_TEAM = 6TU6V7A2YD;
				GENERATE_INFOPLIST_FILE = YES;
				MARKETING_VERSION = 1.0;
				PRODUCT_BUNDLE_IDENTIFIER = AlexanderMileychik.NikeTests;
				PRODUCT_NAME = "$(TARGET_NAME)";
				SWIFT_EMIT_LOC_STRINGS = NO;
				SWIFT_VERSION = 5.0;
				TARGETED_DEVICE_FAMILY = "1,2";
				TEST_HOST = "$(BUILT_PRODUCTS_DIR)/Nike.app/$(BUNDLE_EXECUTABLE_FOLDER_PATH)/Nike";
			};
			name = Debug;
		};
		B4EA3F7A2DAF64C400EBFFCF /* Release */ = {
			isa = XCBuildConfiguration;
			buildSettings = {
				BUNDLE_LOADER = "$(TEST_HOST)";
				CODE_SIGN_STYLE = Automatic;
				CURRENT_PROJECT_VERSION = 1;
				DEVELOPMENT_TEAM = 6TU6V7A2YD;
				GENERATE_INFOPLIST_FILE = YES;
				MARKETING_VERSION = 1.0;
				PRODUCT_BUNDLE_IDENTIFIER = AlexanderMileychik.NikeTests;
				PRODUCT_NAME = "$(TARGET_NAME)";
				SWIFT_EMIT_LOC_STRINGS = NO;
				SWIFT_VERSION = 5.0;
				TARGETED_DEVICE_FAMILY = "1,2";
				TEST_HOST = "$(BUILT_PRODUCTS_DIR)/Nike.app/$(BUNDLE_EXECUTABLE_FOLDER_PATH)/Nike";
			};
			name = Release;
		};
/* End XCBuildConfiguration section */

/* Begin XCConfigurationList section */
		B4A9E9A62CA7331D00BE7966 /* Build configuration list for PBXProject "Nike" */ = {
			isa = XCConfigurationList;
			buildConfigurations = (
				B4A9E9BD2CA7332000BE7966 /* Debug */,
				B4A9E9BE2CA7332000BE7966 /* Release */,
			);
			defaultConfigurationIsVisible = 0;
			defaultConfigurationName = Release;
		};
		B4A9E9BF2CA7332000BE7966 /* Build configuration list for PBXNativeTarget "Nike" */ = {
			isa = XCConfigurationList;
			buildConfigurations = (
				B4A9E9C02CA7332000BE7966 /* Debug */,
				B4A9E9C12CA7332000BE7966 /* Release */,
			);
			defaultConfigurationIsVisible = 0;
			defaultConfigurationName = Release;
		};
		B4EA3F782DAF64C400EBFFCF /* Build configuration list for PBXNativeTarget "NikeTests" */ = {
			isa = XCConfigurationList;
			buildConfigurations = (
				B4EA3F792DAF64C400EBFFCF /* Debug */,
				B4EA3F7A2DAF64C400EBFFCF /* Release */,
			);
			defaultConfigurationIsVisible = 0;
			defaultConfigurationName = Release;
		};
/* End XCConfigurationList section */

/* Begin XCLocalSwiftPackageReference section */
		B414E0CB2E0A04D900B290D7 /* XCLocalSwiftPackageReference "Modules/Services" */ = {
			isa = XCLocalSwiftPackageReference;
			relativePath = Modules/Services;
		};
		B414E0D02E12395900B290D7 /* XCLocalSwiftPackageReference "Modules/AppDomain" */ = {
			isa = XCLocalSwiftPackageReference;
			relativePath = Modules/AppDomain;
		};
		B414E0D22E13936900B290D7 /* XCLocalSwiftPackageReference "Modules/AppInterface" */ = {
			isa = XCLocalSwiftPackageReference;
			relativePath = Modules/AppInterface;
		};
		B414E0D32E139BFB00B290D7 /* XCLocalSwiftPackageReference "Modules/AppComposition" */ = {
			isa = XCLocalSwiftPackageReference;
			relativePath = Modules/AppComposition;
		};
		B468D8292EA0A4D60062559D /* XCLocalSwiftPackageReference "Modules/FeatureAssembly" */ = {
			isa = XCLocalSwiftPackageReference;
			relativePath = Modules/FeatureAssembly;
		};
		B468D8602EB5B14E0062559D /* XCLocalSwiftPackageReference "Modules/Detail" */ = {
			isa = XCLocalSwiftPackageReference;
			relativePath = Modules/Detail;
		};
		B47200462E9F32B300620A78 /* XCLocalSwiftPackageReference "Modules/Home" */ = {
			isa = XCLocalSwiftPackageReference;
			relativePath = Modules/Home;
		};
		B496C23F2E08F9A300655BEF /* XCLocalSwiftPackageReference "Modules/AppCore" */ = {
			isa = XCLocalSwiftPackageReference;
			relativePath = Modules/AppCore;
		};
		B496C2402E08F9C200655BEF /* XCLocalSwiftPackageReference "Modules/Bag" */ = {
			isa = XCLocalSwiftPackageReference;
			relativePath = Modules/Bag;
		};
		B496C2412E08FA0300655BEF /* XCLocalSwiftPackageReference "Modules/DesignSystem" */ = {
			isa = XCLocalSwiftPackageReference;
			relativePath = Modules/DesignSystem;
		};
		B4F6DEB22E1666760052E016 /* XCLocalSwiftPackageReference "Modules/SharedUI" */ = {
			isa = XCLocalSwiftPackageReference;
			relativePath = Modules/SharedUI;
		};
/* End XCLocalSwiftPackageReference section */

/* Begin XCRemoteSwiftPackageReference section */
		B40A9F302DB17D14000EFDFC /* XCRemoteSwiftPackageReference "SnapKit" */ = {
			isa = XCRemoteSwiftPackageReference;
			repositoryURL = "https://github.com/SnapKit/SnapKit.git";
			requirement = {
				kind = upToNextMajorVersion;
				minimumVersion = 5.7.1;
			};
		};
		B40A9F332DB1BA21000EFDFC /* XCRemoteSwiftPackageReference "ProgressHUD" */ = {
			isa = XCRemoteSwiftPackageReference;
			repositoryURL = "https://github.com/relatedcode/ProgressHUD.git";
			requirement = {
				kind = upToNextMajorVersion;
				minimumVersion = 14.1.3;
			};
		};
/* End XCRemoteSwiftPackageReference section */

/* Begin XCSwiftPackageProductDependency section */
		B43D5DD02EB5B4A300E26701 /* ProgressHUD */ = {
			isa = XCSwiftPackageProductDependency;
			package = B40A9F332DB1BA21000EFDFC /* XCRemoteSwiftPackageReference "ProgressHUD" */;
			productName = ProgressHUD;
		};
		B43D5DD22EB5B7F800E26701 /* Detail */ = {
			isa = XCSwiftPackageProductDependency;
			package = B468D8602EB5B14E0062559D /* XCLocalSwiftPackageReference "Modules/Detail" */;
			productName = Detail;
		};
		B468D82A2EA0A6D80062559D /* FeatureAssembly */ = {
			isa = XCSwiftPackageProductDependency;
			package = B468D8292EA0A4D60062559D /* XCLocalSwiftPackageReference "Modules/FeatureAssembly" */;
			productName = FeatureAssembly;
		};
		B46F611F2E9DE92800C41762 /* AppComposition */ = {
			isa = XCSwiftPackageProductDependency;
			package = B414E0D32E139BFB00B290D7 /* XCLocalSwiftPackageReference "Modules/AppComposition" */;
			productName = AppComposition;
		};
		B46F61252E9DE98B00C41762 /* SharedUI */ = {
			isa = XCSwiftPackageProductDependency;
			package = B4F6DEB22E1666760052E016 /* XCLocalSwiftPackageReference "Modules/SharedUI" */;
			productName = SharedUI;
		};
		B46F61272E9DE9A200C41762 /* AppInterface */ = {
			isa = XCSwiftPackageProductDependency;
			package = B414E0D22E13936900B290D7 /* XCLocalSwiftPackageReference "Modules/AppInterface" */;
			productName = AppInterface;
		};
		B46F61292E9DE9C700C41762 /* AppDomain */ = {
			isa = XCSwiftPackageProductDependency;
			package = B414E0D02E12395900B290D7 /* XCLocalSwiftPackageReference "Modules/AppDomain" */;
			productName = AppDomain;
		};
		B46F612B2E9DEA2600C41762 /* Bag */ = {
			isa = XCSwiftPackageProductDependency;
			package = B496C2402E08F9C200655BEF /* XCLocalSwiftPackageReference "Modules/Bag" */;
			productName = Bag;
		};
		B472005E2E9F3B3C00620A78 /* Home */ = {
			isa = XCSwiftPackageProductDependency;
			package = B47200462E9F32B300620A78 /* XCLocalSwiftPackageReference "Modules/Home" */;
			productName = Home;
		};
		B4E09D2E2E9F40FF00A195F2 /* DesignSystem */ = {
			isa = XCSwiftPackageProductDependency;
			package = B496C2412E08FA0300655BEF /* XCLocalSwiftPackageReference "Modules/DesignSystem" */;
			productName = DesignSystem;
		};
/* End XCSwiftPackageProductDependency section */
	};
	rootObject = B4A9E9A32CA7331D00BE7966 /* Project object */;
}
